
Microsoft Visual Studio Solution File, Format Version 12.00
# Visual Studio 14
VisualStudioVersion = 14.0.25420.1
MinimumVisualStudioVersion = 10.0.40219.1
Project("{FAE04EC0-301F-11D3-BF4B-00C04F79EFBC}") = "ZooExercise", "ZooExercise\ZooExercise.csproj", "{39351E72-69F6-4A22-BA1C-EF980A4CE452}"
EndProject
Project("{FAE04EC0-301F-11D3-BF4B-00C04F79EFBC}") = "ZooExerciseTests", "ZooExerciseTests\ZooExerciseTests.csproj", "{D31895DE-BAF2-4743-9B8A-BE7E6A50DF34}"
EndProject
Global
	GlobalSection(SolutionConfigurationPlatforms) = preSolution
		Debug|Any CPU = Debug|Any CPU
		Release|Any CPU = Release|Any CPU
	EndGlobalSection
	GlobalSection(ProjectConfigurationPlatforms) = postSolution
		{39351E72-69F6-4A22-BA1C-EF980A4CE452}.Debug|Any CPU.ActiveCfg = Debug|Any CPU
		{39351E72-69F6-4A22-BA1C-EF980A4CE452}.Debug|Any CPU.Build.0 = Debug|Any CPU
		{39351E72-69F6-4A22-BA1C-EF980A4CE452}.Release|Any CPU.ActiveCfg = Release|Any CPU
		{39351E72-69F6-4A22-BA1C-EF980A4CE452}.Release|Any CPU.Build.0 = Release|Any CPU
		{D31895DE-BAF2-4743-9B8A-BE7E6A50DF34}.Debug|Any CPU.ActiveCfg = Debug|Any CPU
		{D31895DE-BAF2-4743-9B8A-BE7E6A50DF34}.Debug|Any CPU.Build.0 = Debug|Any CPU
		{D31895DE-BAF2-4743-9B8A-BE7E6A50DF34}.Release|Any CPU.ActiveCfg = Release|Any CPU
		{D31895DE-BAF2-4743-9B8A-BE7E6A50DF34}.Release|Any CPU.Build.0 = Release|Any CPU
	EndGlobalSection
	GlobalSection(SolutionProperties) = preSolution
		HideSolutionNode = FALSE
	EndGlobalSection
EndGlobal
